// !$*UTF8*$!
{
	archiveVersion = 1;
	classes = {
	};
	objectVersion = 50;
	objects = {

/* Begin PBXBuildFile section */
		B294610122F829AC001339E1 /* AppDelegate.m in Sources */ = {isa = PBXBuildFile; fileRef = B294610022F829AC001339E1 /* AppDelegate.m */; };
		B294610422F829AC001339E1 /* ViewController.m in Sources */ = {isa = PBXBuildFile; fileRef = B294610322F829AC001339E1 /* ViewController.m */; };
		B294610722F829AC001339E1 /* Main.storyboard in Resources */ = {isa = PBXBuildFile; fileRef = B294610522F829AC001339E1 /* Main.storyboard */; };
		B294610922F829AD001339E1 /* Assets.xcassets in Resources */ = {isa = PBXBuildFile; fileRef = B294610822F829AD001339E1 /* Assets.xcassets */; };
		B294610C22F829AD001339E1 /* LaunchScreen.storyboard in Resources */ = {isa = PBXBuildFile; fileRef = B294610A22F829AD001339E1 /* LaunchScreen.storyboard */; };
		B294610F22F829AD001339E1 /* main.m in Sources */ = {isa = PBXBuildFile; fileRef = B294610E22F829AD001339E1 /* main.m */; };
		B294611722F82A3A001339E1 /* TimerController.m in Sources */ = {isa = PBXBuildFile; fileRef = B294611622F82A3A001339E1 /* TimerController.m */; };
		B294611A22F82BB7001339E1 /* TimerTarget.m in Sources */ = {isa = PBXBuildFile; fileRef = B294611922F82BB7001339E1 /* TimerTarget.m */; };
		B294611D22F83A36001339E1 /* TimerProxy.m in Sources */ = {isa = PBXBuildFile; fileRef = B294611C22F83A36001339E1 /* TimerProxy.m */; };
/* End PBXBuildFile section */

/* Begin PBXFileReference section */
		B29460FC22F829AC001339E1 /* TimerDemo.app */ = {isa = PBXFileReference; explicitFileType = wrapper.application; includeInIndex = 0; path = TimerDemo.app; sourceTree = BUILT_PRODUCTS_DIR; };
		B29460FF22F829AC001339E1 /* AppDelegate.h */ = {isa = PBXFileReference; lastKnownFileType = sourcecode.c.h; path = AppDelegate.h; sourceTree = "<group>"; };
		B294610022F829AC001339E1 /* AppDelegate.m */ = {isa = PBXFileReference; lastKnownFileType = sourcecode.c.objc; path = AppDelegate.m; sourceTree = "<group>"; };
		B294610222F829AC001339E1 /* ViewController.h */ = {isa = PBXFileReference; lastKnownFileType = sourcecode.c.h; path = ViewController.h; sourceTree = "<group>"; };
		B294610322F829AC001339E1 /* ViewController.m */ = {isa = PBXFileReference; lastKnownFileType = sourcecode.c.objc; path = ViewController.m; sourceTree = "<group>"; };
		B294610622F829AC001339E1 /* Base */ = {isa = PBXFileReference; lastKnownFileType = file.storyboard; name = Base; path = Base.lproj/Main.storyboard; sourceTree = "<group>"; };
		B294610822F829AD001339E1 /* Assets.xcassets */ = {isa = PBXFileReference; lastKnownFileType = folder.assetcatalog; path = Assets.xcassets; sourceTree = "<group>"; };
		B294610B22F829AD001339E1 /* Base */ = {isa = PBXFileReference; lastKnownFileType = file.storyboard; name = Base; path = Base.lproj/LaunchScreen.storyboard; sourceTree = "<group>"; };
		B294610D22F829AD001339E1 /* Info.plist */ = {isa = PBXFileReference; lastKnownFileType = text.plist.xml; path = Info.plist; sourceTree = "<group>"; };
		B294610E22F829AD001339E1 /* main.m */ = {isa = PBXFileReference; lastKnownFileType = sourcecode.c.objc; path = main.m; sourceTree = "<group>"; };
		B294611522F82A3A001339E1 /* TimerController.h */ = {isa = PBXFileReference; lastKnownFileType = sourcecode.c.h; path = TimerController.h; sourceTree = "<group>"; };
		B294611622F82A3A001339E1 /* TimerController.m */ = {isa = PBXFileReference; lastKnownFileType = sourcecode.c.objc; path = TimerController.m; sourceTree = "<group>"; };
		B294611822F82BB7001339E1 /* TimerTarget.h */ = {isa = PBXFileReference; lastKnownFileType = sourcecode.c.h; path = TimerTarget.h; sourceTree = "<group>"; };
		B294611922F82BB7001339E1 /* TimerTarget.m */ = {isa = PBXFileReference; lastKnownFileType = sourcecode.c.objc; path = TimerTarget.m; sourceTree = "<group>"; };
		B294611B22F83A36001339E1 /* TimerProxy.h */ = {isa = PBXFileReference; lastKnownFileType = sourcecode.c.h; path = TimerProxy.h; sourceTree = "<group>"; };
		B294611C22F83A36001339E1 /* TimerProxy.m */ = {isa = PBXFileReference; lastKnownFileType = sourcecode.c.objc; path = TimerProxy.m; sourceTree = "<group>"; };
/* End PBXFileReference section */

/* Begin PBXFrameworksBuildPhase section */
		B29460F922F829AC001339E1 /* Frameworks */ = {
			isa = PBXFrameworksBuildPhase;
			buildActionMask = 2147483647;
			files = (
			);
			runOnlyForDeploymentPostprocessing = 0;
		};
/* End PBXFrameworksBuildPhase section */

/* Begin PBXGroup section */
		B29460F322F829AC001339E1 = {
			isa = PBXGroup;
			children = (
				B29460FE22F829AC001339E1 /* TimerDemo */,
				B29460FD22F829AC001339E1 /* Products */,
			);
			sourceTree = "<group>";
		};
		B29460FD22F829AC001339E1 /* Products */ = {
			isa = PBXGroup;
			children = (
				B29460FC22F829AC001339E1 /* TimerDemo.app */,
			);
			name = Products;
			sourceTree = "<group>";
		};
		B29460FE22F829AC001339E1 /* TimerDemo */ = {
			isa = PBXGroup;
			children = (
				B29460FF22F829AC001339E1 /* AppDelegate.h */,
				B294610022F829AC001339E1 /* AppDelegate.m */,
				B294610222F829AC001339E1 /* ViewController.h */,
				B294610322F829AC001339E1 /* ViewController.m */,
				B294611522F82A3A001339E1 /* TimerController.h */,
				B294611622F82A3A001339E1 /* TimerController.m */,
				B294611822F82BB7001339E1 /* TimerTarget.h */,
				B294611922F82BB7001339E1 /* TimerTarget.m */,
				B294611B22F83A36001339E1 /* TimerProxy.h */,
				B294611C22F83A36001339E1 /* TimerProxy.m */,
				B294610522F829AC001339E1 /* Main.storyboard */,
				B294610822F829AD001339E1 /* Assets.xcassets */,
				B294610A22F829AD001339E1 /* LaunchScreen.storyboard */,
				B294610D22F829AD001339E1 /* Info.plist */,
				B294610E22F829AD001339E1 /* main.m */,
			);
			path = TimerDemo;
			sourceTree = "<group>";
		};
/* End PBXGroup section */

/* Begin PBXNativeTarget section */
		B29460FB22F829AC001339E1 /* TimerDemo */ = {
			isa = PBXNativeTarget;
			buildConfigurationList = B294611222F829AD001339E1 /* Build configuration list for PBXNativeTarget "TimerDemo" */;
			buildPhases = (
				B29460F822F829AC001339E1 /* Sources */,
				B29460F922F829AC001339E1 /* Frameworks */,
				B29460FA22F829AC001339E1 /* Resources */,
			);
			buildRules = (
			);
			dependencies = (
			);
			name = TimerDemo;
			productName = TimerDemo;
			productReference = B29460FC22F829AC001339E1 /* TimerDemo.app */;
			productType = "com.apple.product-type.application";
		};
/* End PBXNativeTarget section */

/* Begin PBXProject section */
		B29460F422F829AC001339E1 /* Project object */ = {
			isa = PBXProject;
			attributes = {
				LastUpgradeCheck = 1030;
				ORGANIZATIONNAME = "Ji Feng";
				TargetAttributes = {
					B29460FB22F829AC001339E1 = {
						CreatedOnToolsVersion = 10.3;
					};
				};
			};
			buildConfigurationList = B29460F722F829AC001339E1 /* Build configuration list for PBXProject "TimerDemo" */;
			compatibilityVersion = "Xcode 9.3";
			developmentRegion = en;
			hasScannedForEncodings = 0;
			knownRegions = (
				en,
				Base,
			);
			mainGroup = B29460F322F829AC001339E1;
			productRefGroup = B29460FD22F829AC001339E1 /* Products */;
			projectDirPath = "";
			projectRoot = "";
			targets = (
				B29460FB22F829AC001339E1 /* TimerDemo */,
			);
		};
/* End PBXProject section */

/* Begin PBXResourcesBuildPhase section */
		B29460FA22F829AC001339E1 /* Resources */ = {
			isa = PBXResourcesBuildPhase;
			buildActionMask = 2147483647;
			files = (
				B294610C22F829AD001339E1 /* LaunchScreen.storyboard in Resources */,
				B294610922F829AD001339E1 /* Assets.xcassets in Resources */,
				B294610722F829AC001339E1 /* Main.storyboard in Resources */,
			);
			runOnlyForDeploymentPostprocessing = 0;
		};
/* End PBXResourcesBuildPhase section */

/* Begin PBXSourcesBuildPhase section */
		B29460F822F829AC001339E1 /* Sources */ = {
			isa = PBXSourcesBuildPhase;
			buildActionMask = 2147483647;
			files = (
				B294611D22F83A36001339E1 /* TimerProxy.m in Sources */,
				B294610422F829AC001339E1 /* ViewController.m in Sources */,
				B294611722F82A3A001339E1 /* TimerController.m in Sources */,
				B294610F22F829AD001339E1 /* main.m in Sources */,
				B294610122F829AC001339E1 /* AppDelegate.m in Sources */,
				B294611A22F82BB7001339E1 /* TimerTarget.m in Sources */,
			);
			runOnlyForDeploymentPostprocessing = 0;
		};
/* End PBXSourcesBuildPhase section */

/* Begin PBXVariantGroup section */
		B294610522F829AC001339E1 /* Main.storyboard */ = {
			isa = PBXVariantGroup;
			children = (
				B294610622F829AC001339E1 /* Base */,
			);
			name = Main.storyboard;
			sourceTree = "<group>";
		};
		B294610A22F829AD001339E1 /* LaunchScreen.storyboard */ = {
			isa = PBXVariantGroup;
			children = (
				B294610B22F829AD001339E1 /* Base */,
			);
			name = LaunchScreen.storyboard;
			sourceTree = "<group>";
		};
/* End PBXVariantGroup section */

/* Begin XCBuildConfiguration section */
		B294611022F829AD001339E1 /* Debug */ = {
			isa = XCBuildConfiguration;
			buildSettings = {
				ALWAYS_SEARCH_USER_PATHS = NO;
				CLANG_ANALYZER_NONNULL = YES;
				CLANG_ANALYZER_NUMBER_OBJECT_CONVERSION = YES_AGGRESSIVE;
				CLANG_CXX_LANGUAGE_STANDARD = "gnu++14";
				CLANG_CXX_LIBRARY = "libc++";
				CLANG_ENABLE_MODULES = YES;
				CLANG_ENABLE_OBJC_ARC = YES;
				CLANG_ENABLE_OBJC_WEAK = YES;
				CLANG_WARN_BLOCK_CAPTURE_AUTORELEASING = YES;
				CLANG_WARN_BOOL_CONVERSION = YES;
				CLANG_WARN_COMMA = YES;
				CLANG_WARN_CONSTANT_CONVERSION = YES;
				CLANG_WARN_DEPRECATED_OBJC_IMPLEMENTATIONS = YES;
				CLANG_WARN_DIRECT_OBJC_ISA_USAGE = YES_ERROR;
				CLANG_WARN_DOCUMENTATION_COMMENTS = YES;
				CLANG_WARN_EMPTY_BODY = YES;
				CLANG_WARN_ENUM_CONVERSION = YES;
				CLANG_WARN_INFINITE_RECURSION = YES;
				CLANG_WARN_INT_CONVERSION = YES;
				CLANG_WARN_NON_LITERAL_NULL_CONVERSION = YES;
				CLANG_WARN_OBJC_IMPLICIT_RETAIN_SELF = YES;
				CLANG_WARN_OBJC_LITERAL_CONVERSION = YES;
				CLANG_WARN_OBJC_ROOT_CLASS = YES_ERROR;
				CLANG_WARN_RANGE_LOOP_ANALYSIS = YES;
				CLANG_WARN_STRICT_PROTOTYPES = YES;
				CLANG_WARN_SUSPICIOUS_MOVE = YES;
				CLANG_WARN_UNGUARDED_AVAILABILITY = YES_AGGRESSIVE;
				CLANG_WARN_UNREACHABLE_CODE = YES;
				CLANG_WARN__DUPLICATE_METHOD_MATCH = YES;
				CODE_SIGN_IDENTITY = "iPhone Developer";
				COPY_PHASE_STRIP = NO;
				DEBUG_INFORMATION_FORMAT = dwarf;
				ENABLE_STRICT_OBJC_MSGSEND = YES;
				ENABLE_TESTABILITY = YES;
				GCC_C_LANGUAGE_STANDARD = gnu11;
				GCC_DYNAMIC_NO_PIC = NO;
				GCC_NO_COMMON_BLOCKS = YES;
				GCC_OPTIMIZATION_LEVEL = 0;
				GCC_PREPROCESSOR_DEFINITIONS = (
					"DEBUG=1",
					"$(inherited)",
				);
				GCC_WARN_64_TO_32_BIT_CONVERSION = YES;
				GCC_WARN_ABOUT_RETURN_TYPE = YES_ERROR;
				GCC_WARN_UNDECLARED_SELECTOR = YES;
				GCC_WARN_UNINITIALIZED_AUTOS = YES_AGGRESSIVE;
				GCC_WARN_UNUSED_FUNCTION = YES;
				GCC_WARN_UNUSED_VARIABLE = YES;
				IPHONEOS_DEPLOYMENT_TARGET = 12.4;
				MTL_ENABLE_DEBUG_INFO = INCLUDE_SOURCE;
				MTL_FAST_MATH = YES;
				ONLY_ACTIVE_ARCH = YES;
				SDKROOT = iphoneos;
			};
			name = Debug;
		};
		B294611122F829AD001339E1 /* Release */ = {
			isa = XCBuildConfiguration;
			buildSettings = {
				ALWAYS_SEARCH_USER_PATHS = NO;
				CLANG_ANALYZER_NONNULL = YES;
				CLANG_ANALYZER_NUMBER_OBJECT_CONVERSION = YES_AGGRESSIVE;
				CLANG_CXX_LANGUAGE_STANDARD = "gnu++14";
				CLANG_CXX_LIBRARY = "libc++";
				CLANG_ENABLE_MODULES = YES;
				CLANG_ENABLE_OBJC_ARC = YES;
				CLANG_ENABLE_OBJC_WEAK = YES;
				CLANG_WARN_BLOCK_CAPTURE_AUTORELEASING = YES;
				CLANG_WARN_BOOL_CONVERSION = YES;
				CLANG_WARN_COMMA = YES;
				CLANG_WARN_CONSTANT_CONVERSION = YES;
				CLANG_WARN_DEPRECATED_OBJC_IMPLEMENTATIONS = YES;
				CLANG_WARN_DIRECT_OBJC_ISA_USAGE = YES_ERROR;
				CLANG_WARN_DOCUMENTATION_COMMENTS = YES;
				CLANG_WARN_EMPTY_BODY = YES;
				CLANG_WARN_ENUM_CONVERSION = YES;
				CLANG_WARN_INFINITE_RECURSION = YES;
				CLANG_WARN_INT_CONVERSION = YES;
				CLANG_WARN_NON_LITERAL_NULL_CONVERSION = YES;
				CLANG_WARN_OBJC_IMPLICIT_RETAIN_SELF = YES;
				CLANG_WARN_OBJC_LITERAL_CONVERSION = YES;
				CLANG_WARN_OBJC_ROOT_CLASS = YES_ERROR;
				CLANG_WARN_RANGE_LOOP_ANALYSIS = YES;
				CLANG_WARN_STRICT_PROTOTYPES = YES;
				CLANG_WARN_SUSPICIOUS_MOVE = YES;
				CLANG_WARN_UNGUARDED_AVAILABILITY = YES_AGGRESSIVE;
				CLANG_WARN_UNREACHABLE_CODE = YES;
				CLANG_WARN__DUPLICATE_METHOD_MATCH = YES;
				CODE_SIGN_IDENTITY = "iPhone Developer";
				COPY_PHASE_STRIP = NO;
				DEBUG_INFORMATION_FORMAT = "dwarf-with-dsym";
				ENABLE_NS_ASSERTIONS = NO;
				ENABLE_STRICT_OBJC_MSGSEND = YES;
				GCC_C_LANGUAGE_STANDARD = gnu11;
				GCC_NO_COMMON_BLOCKS = YES;
				GCC_WARN_64_TO_32_BIT_CONVERSION = YES;
				GCC_WARN_ABOUT_RETURN_TYPE = YES_ERROR;
				GCC_WARN_UNDECLARED_SELECTOR = YES;
				GCC_WARN_UNINITIALIZED_AUTOS = YES_AGGRESSIVE;
				GCC_WARN_UNUSED_FUNCTION = YES;
				GCC_WARN_UNUSED_VARIABLE = YES;
				IPHONEOS_DEPLOYMENT_TARGET = 12.4;
				MTL_ENABLE_DEBUG_INFO = NO;
				MTL_FAST_MATH = YES;
				SDKROOT = iphoneos;
				VALIDATE_PRODUCT = YES;
			};
			name = Release;
		};
		B294611322F829AD001339E1 /* Debug */ = {
			isa = XCBuildConfiguration;
			buildSettings = {
				ASSETCATALOG_COMPILER_APPICON_NAME = AppIcon;
				CODE_SIGN_STYLE = Automatic;
				DEVELOPMENT_TEAM = 769J46KBKW;
				INFOPLIST_FILE = TimerDemo/Info.plist;
				LD_RUNPATH_SEARCH_PATHS = (
					"$(inherited)",
					"@executable_path/Frameworks",
				);
				PRODUCT_BUNDLE_IDENTIFIER = com.jf.TimerDemo;
				PRODUCT_NAME = "$(TARGET_NAME)";
				TARGETED_DEVICE_FAMILY = "1,2";
			};
			name = Debug;
		};
		B294611422F829AD001339E1 /* Release */ = {
			isa = XCBuildConfiguration;
			buildSettings = {
				ASSETCATALOG_COMPILER_APPICON_NAME = AppIcon;
				CODE_SIGN_STYLE = Automatic;
				DEVELOPMENT_TEAM = 769J46KBKW;
				INFOPLIST_FILE = TimerDemo/Info.plist;
				LD_RUNPATH_SEARCH_PATHS = (
					"$(inherited)",
					"@executable_path/Frameworks",
				);
				PRODUCT_BUNDLE_IDENTIFIER = com.jf.TimerDemo;
				PRODUCT_NAME = "$(TARGET_NAME)";
				TARGETED_DEVICE_FAMILY = "1,2";
			};
			name = Release;
		};
/* End XCBuildConfiguration section */

/* Begin XCConfigurationList section */
		B29460F722F829AC001339E1 /* Build configuration list for PBXProject "TimerDemo" */ = {
			isa = XCConfigurationList;
			buildConfigurations = (
				B294611022F829AD001339E1 /* Debug */,
				B294611122F829AD001339E1 /* Release */,
			);
			defaultConfigurationIsVisible = 0;
			defaultConfigurationName = Release;
		};
		B294611222F829AD001339E1 /* Build configuration list for PBXNativeTarget "TimerDemo" */ = {
			isa = XCConfigurationList;
			buildConfigurations = (
				B294611322F829AD001339E1 /* Debug */,
				B294611422F829AD001339E1 /* Release */,
			);
			defaultConfigurationIsVisible = 0;
			defaultConfigurationName = Release;
		};
/* End XCConfigurationList section */
	};
	rootObject = B29460F422F829AC001339E1 /* Project object */;
}
